// !$*UTF8*$!
{
	archiveVersion = 1;
	classes = {
	};
	objectVersion = 48;
	objects = {

/* Begin PBXBuildFile section */
		7F8872E72035B50A00C736AB /* AppDelegate.swift in Sources */ = {isa = PBXBuildFile; fileRef = 7F8872E62035B50A00C736AB /* AppDelegate.swift */; };
		7F8872E92035B50A00C736AB /* ViewController.swift in Sources */ = {isa = PBXBuildFile; fileRef = 7F8872E82035B50A00C736AB /* ViewController.swift */; };
		7F8872EC2035B50A00C736AB /* Main.storyboard in Resources */ = {isa = PBXBuildFile; fileRef = 7F8872EA2035B50A00C736AB /* Main.storyboard */; };
		7F8872EE2035B50A00C736AB /* Assets.xcassets in Resources */ = {isa = PBXBuildFile; fileRef = 7F8872ED2035B50A00C736AB /* Assets.xcassets */; };
		7F8872F12035B50A00C736AB /* LaunchScreen.storyboard in Resources */ = {isa = PBXBuildFile; fileRef = 7F8872EF2035B50A00C736AB /* LaunchScreen.storyboard */; };
/* End PBXBuildFile section */

/* Begin PBXFileReference section */
		7F8872E32035B50A00C736AB /* GoogleBooksApi.app */ = {isa = PBXFileReference; explicitFileType = wrapper.application; includeInIndex = 0; path = GoogleBooksApi.app; sourceTree = BUILT_PRODUCTS_DIR; };
		7F8872E62035B50A00C736AB /* AppDelegate.swift */ = {isa = PBXFileReference; lastKnownFileType = sourcecode.swift; path = AppDelegate.swift; sourceTree = "<group>"; };
		7F8872E82035B50A00C736AB /* ViewController.swift */ = {isa = PBXFileReference; lastKnownFileType = sourcecode.swift; path = ViewController.swift; sourceTree = "<group>"; };
		7F8872EB2035B50A00C736AB /* Base */ = {isa = PBXFileReference; lastKnownFileType = file.storyboard; name = Base; path = Base.lproj/Main.storyboard; sourceTree = "<group>"; };
		7F8872ED2035B50A00C736AB /* Assets.xcassets */ = {isa = PBXFileReference; lastKnownFileType = folder.assetcatalog; path = Assets.xcassets; sourceTree = "<group>"; };
		7F8872F02035B50A00C736AB /* Base */ = {isa = PBXFileReference; lastKnownFileType = file.storyboard; name = Base; path = Base.lproj/LaunchScreen.storyboard; sourceTree = "<group>"; };
		7F8872F22035B50A00C736AB /* Info.plist */ = {isa = PBXFileReference; lastKnownFileType = text.plist.xml; path = Info.plist; sourceTree = "<group>"; };
/* End PBXFileReference section */

/* Begin PBXFrameworksBuildPhase section */
		7F8872E02035B50A00C736AB /* Frameworks */ = {
			isa = PBXFrameworksBuildPhase;
			buildActionMask = 2147483647;
			files = (
			);
			runOnlyForDeploymentPostprocessing = 0;
		};
/* End PBXFrameworksBuildPhase section */

/* Begin PBXGroup section */
		7F8872DA2035B50A00C736AB = {
			isa = PBXGroup;
			children = (
				7F8872E52035B50A00C736AB /* GoogleBooksApi */,
				7F8872E42035B50A00C736AB /* Products */,
			);
			sourceTree = "<group>";
		};
		7F8872E42035B50A00C736AB /* Products */ = {
			isa = PBXGroup;
			children = (
				7F8872E32035B50A00C736AB /* GoogleBooksApi.app */,
			);
			name = Products;
			sourceTree = "<group>";
		};
		7F8872E52035B50A00C736AB /* GoogleBooksApi */ = {
			isa = PBXGroup;
			children = (
				7F8872E62035B50A00C736AB /* AppDelegate.swift */,
				7F8872E82035B50A00C736AB /* ViewController.swift */,
				7F8872EA2035B50A00C736AB /* Main.storyboard */,
				7F8872ED2035B50A00C736AB /* Assets.xcassets */,
				7F8872EF2035B50A00C736AB /* LaunchScreen.storyboard */,
				7F8872F22035B50A00C736AB /* Info.plist */,
			);
			path = GoogleBooksApi;
			sourceTree = "<group>";
		};
/* End PBXGroup section */

/* Begin PBXNativeTarget section */
		7F8872E22035B50A00C736AB /* GoogleBooksApi */ = {
			isa = PBXNativeTarget;
			buildConfigurationList = 7F8872F52035B50A00C736AB /* Build configuration list for PBXNativeTarget "GoogleBooksApi" */;
			buildPhases = (
				7F8872DF2035B50A00C736AB /* Sources */,
				7F8872E02035B50A00C736AB /* Frameworks */,
				7F8872E12035B50A00C736AB /* Resources */,
			);
			buildRules = (
			);
			dependencies = (
			);
			name = GoogleBooksApi;
			productName = GoogleBooksApi;
			productReference = 7F8872E32035B50A00C736AB /* GoogleBooksApi.app */;
			productType = "com.apple.product-type.application";
		};
/* End PBXNativeTarget section */

/* Begin PBXProject section */
		7F8872DB2035B50A00C736AB /* Project object */ = {
			isa = PBXProject;
			attributes = {
				LastSwiftUpdateCheck = 0920;
				LastUpgradeCheck = 0920;
				ORGANIZATIONNAME = "Alexander Yakovenko";
				TargetAttributes = {
					7F8872E22035B50A00C736AB = {
						CreatedOnToolsVersion = 9.2;
						ProvisioningStyle = Automatic;
					};
				};
			};
			buildConfigurationList = 7F8872DE2035B50A00C736AB /* Build configuration list for PBXProject "GoogleBooksApi" */;
			compatibilityVersion = "Xcode 8.0";
			developmentRegion = en;
			hasScannedForEncodings = 0;
			knownRegions = (
				en,
				Base,
			);
			mainGroup = 7F8872DA2035B50A00C736AB;
			productRefGroup = 7F8872E42035B50A00C736AB /* Products */;
			projectDirPath = "";
			projectRoot = "";
			targets = (
				7F8872E22035B50A00C736AB /* GoogleBooksApi */,
			);
		};
/* End PBXProject section */

/* Begin PBXResourcesBuildPhase section */
		7F8872E12035B50A00C736AB /* Resources */ = {
			isa = PBXResourcesBuildPhase;
			buildActionMask = 2147483647;
			files = (
				7F8872F12035B50A00C736AB /* LaunchScreen.storyboard in Resources */,
				7F8872EE2035B50A00C736AB /* Assets.xcassets in Resources */,
				7F8872EC2035B50A00C736AB /* Main.storyboard in Resources */,
			);
			runOnlyForDeploymentPostprocessing = 0;
		};
/* End PBXResourcesBuildPhase section */

/* Begin PBXSourcesBuildPhase section */
		7F8872DF2035B50A00C736AB /* Sources */ = {
			isa = PBXSourcesBuildPhase;
			buildActionMask = 2147483647;
			files = (
				7F8872E92035B50A00C736AB /* ViewController.swift in Sources */,
				7F8872E72035B50A00C736AB /* AppDelegate.swift in Sources */,
			);
			runOnlyForDeploymentPostprocessing = 0;
		};
/* End PBXSourcesBuildPhase section */

/* Begin PBXVariantGroup section */
		7F8872EA2035B50A00C736AB /* Main.storyboard */ = {
			isa = PBXVariantGroup;
			children = (
				7F8872EB2035B50A00C736AB /* Base */,
			);
			name = Main.storyboard;
			sourceTree = "<group>";
		};
		7F8872EF2035B50A00C736AB /* LaunchScreen.storyboard */ = {
			isa = PBXVariantGroup;
			children = (
				7F8872F02035B50A00C736AB /* Base */,
			);
			name = LaunchScreen.storyboard;
			sourceTree = "<group>";
		};
/* End PBXVariantGroup section */

/* Begin XCBuildConfiguration section */
		7F8872F32035B50A00C736AB /* Debug */ = {
			isa = XCBuildConfiguration;
			buildSettings = {
				ALWAYS_SEARCH_USER_PATHS = NO;
				CLANG_ANALYZER_NONNULL = YES;
				CLANG_ANALYZER_NUMBER_OBJECT_CONVERSION = YES_AGGRESSIVE;
				CLANG_CXX_LANGUAGE_STANDARD = "gnu++14";
				CLANG_CXX_LIBRARY = "libc++";
				CLANG_ENABLE_MODULES = YES;
				CLANG_ENABLE_OBJC_ARC = YES;
				CLANG_WARN_BLOCK_CAPTURE_AUTORELEASING = YES;
				CLANG_WARN_BOOL_CONVERSION = YES;
				CLANG_WARN_COMMA = YES;
				CLANG_WARN_CONSTANT_CONVERSION = YES;
				CLANG_WARN_DIRECT_OBJC_ISA_USAGE = YES_ERROR;
				CLANG_WARN_DOCUMENTATION_COMMENTS = YES;
				CLANG_WARN_EMPTY_BODY = YES;
				CLANG_WARN_ENUM_CONVERSION = YES;
				CLANG_WARN_INFINITE_RECURSION = YES;
				CLANG_WARN_INT_CONVERSION = YES;
				CLANG_WARN_NON_LITERAL_NULL_CONVERSION = YES;
				CLANG_WARN_OBJC_LITERAL_CONVERSION = YES;
				CLANG_WARN_OBJC_ROOT_CLASS = YES_ERROR;
				CLANG_WARN_RANGE_LOOP_ANALYSIS = YES;
				CLANG_WARN_STRICT_PROTOTYPES = YES;
				CLANG_WARN_SUSPICIOUS_MOVE = YES;
				CLANG_WARN_UNGUARDED_AVAILABILITY = YES_AGGRESSIVE;
				CLANG_WARN_UNREACHABLE_CODE = YES;
				CLANG_WARN__DUPLICATE_METHOD_MATCH = YES;
				CODE_SIGN_IDENTITY = "iPhone Developer";
				COPY_PHASE_STRIP = NO;
				DEBUG_INFORMATION_FORMAT = dwarf;
				ENABLE_STRICT_OBJC_MSGSEND = YES;
				ENABLE_TESTABILITY = YES;
				GCC_C_LANGUAGE_STANDARD = gnu11;
				GCC_DYNAMIC_NO_PIC = NO;
				GCC_NO_COMMON_BLOCKS = YES;
				GCC_OPTIMIZATION_LEVEL = 0;
				GCC_PREPROCESSOR_DEFINITIONS = (
					"DEBUG=1",
					"$(inherited)",
				);
				GCC_WARN_64_TO_32_BIT_CONVERSION = YES;
				GCC_WARN_ABOUT_RETURN_TYPE = YES_ERROR;
				GCC_WARN_UNDECLARED_SELECTOR = YES;
				GCC_WARN_UNINITIALIZED_AUTOS = YES_AGGRESSIVE;
				GCC_WARN_UNUSED_FUNCTION = YES;
				GCC_WARN_UNUSED_VARIABLE = YES;
				IPHONEOS_DEPLOYMENT_TARGET = 11.2;
				MTL_ENABLE_DEBUG_INFO = YES;
				ONLY_ACTIVE_ARCH = YES;
				SDKROOT = iphoneos;
				SWIFT_ACTIVE_COMPILATION_CONDITIONS = DEBUG;
				SWIFT_OPTIMIZATION_LEVEL = "-Onone";
			};
			name = Debug;
		};
		7F8872F42035B50A00C736AB /* Release */ = {
			isa = XCBuildConfiguration;
			buildSettings = {
				ALWAYS_SEARCH_USER_PATHS = NO;
				CLANG_ANALYZER_NONNULL = YES;
				CLANG_ANALYZER_NUMBER_OBJECT_CONVERSION = YES_AGGRESSIVE;
				CLANG_CXX_LANGUAGE_STANDARD = "gnu++14";
				CLANG_CXX_LIBRARY = "libc++";
				CLANG_ENABLE_MODULES = YES;
				CLANG_ENABLE_OBJC_ARC = YES;
				CLANG_WARN_BLOCK_CAPTURE_AUTORELEASING = YES;
				CLANG_WARN_BOOL_CONVERSION = YES;
				CLANG_WARN_COMMA = YES;
				CLANG_WARN_CONSTANT_CONVERSION = YES;
				CLANG_WARN_DIRECT_OBJC_ISA_USAGE = YES_ERROR;
				CLANG_WARN_DOCUMENTATION_COMMENTS = YES;
				CLANG_WARN_EMPTY_BODY = YES;
				CLANG_WARN_ENUM_CONVERSION = YES;
				CLANG_WARN_INFINITE_RECURSION = YES;
				CLANG_WARN_INT_CONVERSION = YES;
				CLANG_WARN_NON_LITERAL_NULL_CONVERSION = YES;
				CLANG_WARN_OBJC_LITERAL_CONVERSION = YES;
				CLANG_WARN_OBJC_ROOT_CLASS = YES_ERROR;
				CLANG_WARN_RANGE_LOOP_ANALYSIS = YES;
				CLANG_WARN_STRICT_PROTOTYPES = YES;
				CLANG_WARN_SUSPICIOUS_MOVE = YES;
				CLANG_WARN_UNGUARDED_AVAILABILITY = YES_AGGRESSIVE;
				CLANG_WARN_UNREACHABLE_CODE = YES;
				CLANG_WARN__DUPLICATE_METHOD_MATCH = YES;
				CODE_SIGN_IDENTITY = "iPhone Developer";
				COPY_PHASE_STRIP = NO;
				DEBUG_INFORMATION_FORMAT = "dwarf-with-dsym";
				ENABLE_NS_ASSERTIONS = NO;
				ENABLE_STRICT_OBJC_MSGSEND = YES;
				GCC_C_LANGUAGE_STANDARD = gnu11;
				GCC_NO_COMMON_BLOCKS = YES;
				GCC_WARN_64_TO_32_BIT_CONVERSION = YES;
				GCC_WARN_ABOUT_RETURN_TYPE = YES_ERROR;
				GCC_WARN_UNDECLARED_SELECTOR = YES;
				GCC_WARN_UNINITIALIZED_AUTOS = YES_AGGRESSIVE;
				GCC_WARN_UNUSED_FUNCTION = YES;
				GCC_WARN_UNUSED_VARIABLE = YES;
				IPHONEOS_DEPLOYMENT_TARGET = 11.2;
				MTL_ENABLE_DEBUG_INFO = NO;
				SDKROOT = iphoneos;
				SWIFT_OPTIMIZATION_LEVEL = "-Owholemodule";
				VALIDATE_PRODUCT = YES;
			};
			name = Release;
		};
		7F8872F62035B50A00C736AB /* Debug */ = {
			isa = XCBuildConfiguration;
			buildSettings = {
				ASSETCATALOG_COMPILER_APPICON_NAME = AppIcon;
				CODE_SIGN_STYLE = Automatic;
				DEVELOPMENT_TEAM = 3HY885L7L9;
				INFOPLIST_FILE = GoogleBooksApi/Info.plist;
				LD_RUNPATH_SEARCH_PATHS = "$(inherited) @executable_path/Frameworks";
				PRODUCT_BUNDLE_IDENTIFIER = "Alexander-Yakovenko.GoogleBooksApi";
				PRODUCT_NAME = "$(TARGET_NAME)";
				SWIFT_VERSION = 4.0;
				TARGETED_DEVICE_FAMILY = "1,2";
			};
			name = Debug;
		};
		7F8872F72035B50A00C736AB /* Release */ = {
			isa = XCBuildConfiguration;
			buildSettings = {
				ASSETCATALOG_COMPILER_APPICON_NAME = AppIcon;
				CODE_SIGN_STYLE = Automatic;
				DEVELOPMENT_TEAM = 3HY885L7L9;
				INFOPLIST_FILE = GoogleBooksApi/Info.plist;
				LD_RUNPATH_SEARCH_PATHS = "$(inherited) @executable_path/Frameworks";
				PRODUCT_BUNDLE_IDENTIFIER = "Alexander-Yakovenko.GoogleBooksApi";
				PRODUCT_NAME = "$(TARGET_NAME)";
				SWIFT_VERSION = 4.0;
				TARGETED_DEVICE_FAMILY = "1,2";
			};
			name = Release;
		};
/* End XCBuildConfiguration section */

/* Begin XCConfigurationList section */
		7F8872DE2035B50A00C736AB /* Build configuration list for PBXProject "GoogleBooksApi" */ = {
			isa = XCConfigurationList;
			buildConfigurations = (
				7F8872F32035B50A00C736AB /* Debug */,
				7F8872F42035B50A00C736AB /* Release */,
			);
			defaultConfigurationIsVisible = 0;
			defaultConfigurationName = Release;
		};
		7F8872F52035B50A00C736AB /* Build configuration list for PBXNativeTarget "GoogleBooksApi" */ = {
			isa = XCConfigurationList;
			buildConfigurations = (
				7F8872F62035B50A00C736AB /* Debug */,
				7F8872F72035B50A00C736AB /* Release */,
			);
			defaultConfigurationIsVisible = 0;
			defaultConfigurationName = Release;
		};
/* End XCConfigurationList section */
	};
	rootObject = 7F8872DB2035B50A00C736AB /* Project object */;
}
